
Microsoft Visual Studio Solution File, Format Version 12.00
# Visual Studio 15
VisualStudioVersion = 15.0.27703.2000
MinimumVisualStudioVersion = 10.0.40219.1
Project("{FAE04EC0-301F-11D3-BF4B-00C04F79EFBC}") = "Moneda.Android", "Moneda\Moneda.Android\Moneda.Android.csproj", "{368B7D39-C5F7-4219-A0DF-0F5A03C5BFB7}"
EndProject
Project("{FAE04EC0-301F-11D3-BF4B-00C04F79EFBC}") = "Moneda.iOS", "Moneda\Moneda.iOS\Moneda.iOS.csproj", "{D53E7B32-CCEF-4A31-9BDA-D265D0369C7B}"
EndProject
Project("{FAE04EC0-301F-11D3-BF4B-00C04F79EFBC}") = "Moneda.UWP", "Moneda\Moneda.UWP\Moneda.UWP.csproj", "{EE6790F4-630C-4825-8DFA-2B27FCB55F09}"
EndProject
Project("{FAE04EC0-301F-11D3-BF4B-00C04F79EFBC}") = "Moneda", "Moneda\Moneda\Moneda.csproj", "{F67376BD-A593-4A30-B0F2-6957BC42A477}"
EndProject
Global
	GlobalSection(SolutionConfigurationPlatforms) = preSolution
		Ad-Hoc|Any CPU = Ad-Hoc|Any CPU
		Ad-Hoc|ARM = Ad-Hoc|ARM
		Ad-Hoc|iPhone = Ad-Hoc|iPhone
		Ad-Hoc|iPhoneSimulator = Ad-Hoc|iPhoneSimulator
		Ad-Hoc|x64 = Ad-Hoc|x64
		Ad-Hoc|x86 = Ad-Hoc|x86
		AppStore|Any CPU = AppStore|Any CPU
		AppStore|ARM = AppStore|ARM
		AppStore|iPhone = AppStore|iPhone
		AppStore|iPhoneSimulator = AppStore|iPhoneSimulator
		AppStore|x64 = AppStore|x64
		AppStore|x86 = AppStore|x86
		Debug|Any CPU = Debug|Any CPU
		Debug|ARM = Debug|ARM
		Debug|iPhone = Debug|iPhone
		Debug|iPhoneSimulator = Debug|iPhoneSimulator
		Debug|x64 = Debug|x64
		Debug|x86 = Debug|x86
		Release|Any CPU = Release|Any CPU
		Release|ARM = Release|ARM
		Release|iPhone = Release|iPhone
		Release|iPhoneSimulator = Release|iPhoneSimulator
		Release|x64 = Release|x64
		Release|x86 = Release|x86
	EndGlobalSection
	GlobalSection(ProjectConfigurationPlatforms) = postSolution
		{368B7D39-C5F7-4219-A0DF-0F5A03C5BFB7}.Ad-Hoc|Any CPU.ActiveCfg = Release|Any CPU
		{368B7D39-C5F7-4219-A0DF-0F5A03C5BFB7}.Ad-Hoc|Any CPU.Build.0 = Release|Any CPU
		{368B7D39-C5F7-4219-A0DF-0F5A03C5BFB7}.Ad-Hoc|Any CPU.Deploy.0 = Release|Any CPU
		{368B7D39-C5F7-4219-A0DF-0F5A03C5BFB7}.Ad-Hoc|ARM.ActiveCfg = Release|Any CPU
		{368B7D39-C5F7-4219-A0DF-0F5A03C5BFB7}.Ad-Hoc|ARM.Build.0 = Release|Any CPU
		{368B7D39-C5F7-4219-A0DF-0F5A03C5BFB7}.Ad-Hoc|ARM.Deploy.0 = Release|Any CPU
		{368B7D39-C5F7-4219-A0DF-0F5A03C5BFB7}.Ad-Hoc|iPhone.ActiveCfg = Release|Any CPU
		{368B7D39-C5F7-4219-A0DF-0F5A03C5BFB7}.Ad-Hoc|iPhone.Build.0 = Release|Any CPU
		{368B7D39-C5F7-4219-A0DF-0F5A03C5BFB7}.Ad-Hoc|iPhone.Deploy.0 = Release|Any CPU
		{368B7D39-C5F7-4219-A0DF-0F5A03C5BFB7}.Ad-Hoc|iPhoneSimulator.ActiveCfg = Release|Any CPU
		{368B7D39-C5F7-4219-A0DF-0F5A03C5BFB7}.Ad-Hoc|iPhoneSimulator.Build.0 = Release|Any CPU
		{368B7D39-C5F7-4219-A0DF-0F5A03C5BFB7}.Ad-Hoc|iPhoneSimulator.Deploy.0 = Release|Any CPU
		{368B7D39-C5F7-4219-A0DF-0F5A03C5BFB7}.Ad-Hoc|x64.ActiveCfg = Release|Any CPU
		{368B7D39-C5F7-4219-A0DF-0F5A03C5BFB7}.Ad-Hoc|x64.Build.0 = Release|Any CPU
		{368B7D39-C5F7-4219-A0DF-0F5A03C5BFB7}.Ad-Hoc|x64.Deploy.0 = Release|Any CPU
		{368B7D39-C5F7-4219-A0DF-0F5A03C5BFB7}.Ad-Hoc|x86.ActiveCfg = Release|Any CPU
		{368B7D39-C5F7-4219-A0DF-0F5A03C5BFB7}.Ad-Hoc|x86.Build.0 = Release|Any CPU
		{368B7D39-C5F7-4219-A0DF-0F5A03C5BFB7}.Ad-Hoc|x86.Deploy.0 = Release|Any CPU
		{368B7D39-C5F7-4219-A0DF-0F5A03C5BFB7}.AppStore|Any CPU.ActiveCfg = Release|Any CPU
		{368B7D39-C5F7-4219-A0DF-0F5A03C5BFB7}.AppStore|Any CPU.Build.0 = Release|Any CPU
		{368B7D39-C5F7-4219-A0DF-0F5A03C5BFB7}.AppStore|Any CPU.Deploy.0 = Release|Any CPU
		{368B7D39-C5F7-4219-A0DF-0F5A03C5BFB7}.AppStore|ARM.ActiveCfg = Release|Any CPU
		{368B7D39-C5F7-4219-A0DF-0F5A03C5BFB7}.AppStore|ARM.Build.0 = Release|Any CPU
		{368B7D39-C5F7-4219-A0DF-0F5A03C5BFB7}.AppStore|ARM.Deploy.0 = Release|Any CPU
		{368B7D39-C5F7-4219-A0DF-0F5A03C5BFB7}.AppStore|iPhone.ActiveCfg = Release|Any CPU
		{368B7D39-C5F7-4219-A0DF-0F5A03C5BFB7}.AppStore|iPhone.Build.0 = Release|Any CPU
		{368B7D39-C5F7-4219-A0DF-0F5A03C5BFB7}.AppStore|iPhone.Deploy.0 = Release|Any CPU
		{368B7D39-C5F7-4219-A0DF-0F5A03C5BFB7}.AppStore|iPhoneSimulator.ActiveCfg = Release|Any CPU
		{368B7D39-C5F7-4219-A0DF-0F5A03C5BFB7}.AppStore|iPhoneSimulator.Build.0 = Release|Any CPU
		{368B7D39-C5F7-4219-A0DF-0F5A03C5BFB7}.AppStore|iPhoneSimulator.Deploy.0 = Release|Any CPU
		{368B7D39-C5F7-4219-A0DF-0F5A03C5BFB7}.AppStore|x64.ActiveCfg = Release|Any CPU
		{368B7D39-C5F7-4219-A0DF-0F5A03C5BFB7}.AppStore|x64.Build.0 = Release|Any CPU
		{368B7D39-C5F7-4219-A0DF-0F5A03C5BFB7}.AppStore|x64.Deploy.0 = Release|Any CPU
		{368B7D39-C5F7-4219-A0DF-0F5A03C5BFB7}.AppStore|x86.ActiveCfg = Release|Any CPU
		{368B7D39-C5F7-4219-A0DF-0F5A03C5BFB7}.AppStore|x86.Build.0 = Release|Any CPU
		{368B7D39-C5F7-4219-A0DF-0F5A03C5BFB7}.AppStore|x86.Deploy.0 = Release|Any CPU
		{368B7D39-C5F7-4219-A0DF-0F5A03C5BFB7}.Debug|Any CPU.ActiveCfg = Debug|Any CPU
		{368B7D39-C5F7-4219-A0DF-0F5A03C5BFB7}.Debug|Any CPU.Build.0 = Debug|Any CPU
		{368B7D39-C5F7-4219-A0DF-0F5A03C5BFB7}.Debug|Any CPU.Deploy.0 = Debug|Any CPU
		{368B7D39-C5F7-4219-A0DF-0F5A03C5BFB7}.Debug|ARM.ActiveCfg = Debug|Any CPU
		{368B7D39-C5F7-4219-A0DF-0F5A03C5BFB7}.Debug|ARM.Build.0 = Debug|Any CPU
		{368B7D39-C5F7-4219-A0DF-0F5A03C5BFB7}.Debug|ARM.Deploy.0 = Debug|Any CPU
		{368B7D39-C5F7-4219-A0DF-0F5A03C5BFB7}.Debug|iPhone.ActiveCfg = Debug|Any CPU
		{368B7D39-C5F7-4219-A0DF-0F5A03C5BFB7}.Debug|iPhone.Build.0 = Debug|Any CPU
		{368B7D39-C5F7-4219-A0DF-0F5A03C5BFB7}.Debug|iPhone.Deploy.0 = Debug|Any CPU
		{368B7D39-C5F7-4219-A0DF-0F5A03C5BFB7}.Debug|iPhoneSimulator.ActiveCfg = Debug|Any CPU
		{368B7D39-C5F7-4219-A0DF-0F5A03C5BFB7}.Debug|iPhoneSimulator.Build.0 = Debug|Any CPU
		{368B7D39-C5F7-4219-A0DF-0F5A03C5BFB7}.Debug|iPhoneSimulator.Deploy.0 = Debug|Any CPU
		{368B7D39-C5F7-4219-A0DF-0F5A03C5BFB7}.Debug|x64.ActiveCfg = Debug|Any CPU
		{368B7D39-C5F7-4219-A0DF-0F5A03C5BFB7}.Debug|x64.Build.0 = Debug|Any CPU
		{368B7D39-C5F7-4219-A0DF-0F5A03C5BFB7}.Debug|x64.Deploy.0 = Debug|Any CPU
		{368B7D39-C5F7-4219-A0DF-0F5A03C5BFB7}.Debug|x86.ActiveCfg = Debug|Any CPU
		{368B7D39-C5F7-4219-A0DF-0F5A03C5BFB7}.Debug|x86.Build.0 = Debug|Any CPU
		{368B7D39-C5F7-4219-A0DF-0F5A03C5BFB7}.Debug|x86.Deploy.0 = Debug|Any CPU
		{368B7D39-C5F7-4219-A0DF-0F5A03C5BFB7}.Release|Any CPU.ActiveCfg = Release|Any CPU
		{368B7D39-C5F7-4219-A0DF-0F5A03C5BFB7}.Release|Any CPU.Build.0 = Release|Any CPU
		{368B7D39-C5F7-4219-A0DF-0F5A03C5BFB7}.Release|Any CPU.Deploy.0 = Release|Any CPU
		{368B7D39-C5F7-4219-A0DF-0F5A03C5BFB7}.Release|ARM.ActiveCfg = Release|Any CPU
		{368B7D39-C5F7-4219-A0DF-0F5A03C5BFB7}.Release|ARM.Build.0 = Release|Any CPU
		{368B7D39-C5F7-4219-A0DF-0F5A03C5BFB7}.Release|ARM.Deploy.0 = Release|Any CPU
		{368B7D39-C5F7-4219-A0DF-0F5A03C5BFB7}.Release|iPhone.ActiveCfg = Release|Any CPU
		{368B7D39-C5F7-4219-A0DF-0F5A03C5BFB7}.Release|iPhone.Build.0 = Release|Any CPU
		{368B7D39-C5F7-4219-A0DF-0F5A03C5BFB7}.Release|iPhone.Deploy.0 = Release|Any CPU
		{368B7D39-C5F7-4219-A0DF-0F5A03C5BFB7}.Release|iPhoneSimulator.ActiveCfg = Release|Any CPU
		{368B7D39-C5F7-4219-A0DF-0F5A03C5BFB7}.Release|iPhoneSimulator.Build.0 = Release|Any CPU
		{368B7D39-C5F7-4219-A0DF-0F5A03C5BFB7}.Release|iPhoneSimulator.Deploy.0 = Release|Any CPU
		{368B7D39-C5F7-4219-A0DF-0F5A03C5BFB7}.Release|x64.ActiveCfg = Release|Any CPU
		{368B7D39-C5F7-4219-A0DF-0F5A03C5BFB7}.Release|x64.Build.0 = Release|Any CPU
		{368B7D39-C5F7-4219-A0DF-0F5A03C5BFB7}.Release|x64.Deploy.0 = Release|Any CPU
		{368B7D39-C5F7-4219-A0DF-0F5A03C5BFB7}.Release|x86.ActiveCfg = Release|Any CPU
		{368B7D39-C5F7-4219-A0DF-0F5A03C5BFB7}.Release|x86.Build.0 = Release|Any CPU
		{368B7D39-C5F7-4219-A0DF-0F5A03C5BFB7}.Release|x86.Deploy.0 = Release|Any CPU
		{D53E7B32-CCEF-4A31-9BDA-D265D0369C7B}.Ad-Hoc|Any CPU.ActiveCfg = Ad-Hoc|iPhone
		{D53E7B32-CCEF-4A31-9BDA-D265D0369C7B}.Ad-Hoc|Any CPU.Build.0 = Ad-Hoc|iPhone
		{D53E7B32-CCEF-4A31-9BDA-D265D0369C7B}.Ad-Hoc|Any CPU.Deploy.0 = Ad-Hoc|iPhone
		{D53E7B32-CCEF-4A31-9BDA-D265D0369C7B}.Ad-Hoc|ARM.ActiveCfg = Ad-Hoc|iPhone
		{D53E7B32-CCEF-4A31-9BDA-D265D0369C7B}.Ad-Hoc|ARM.Build.0 = Ad-Hoc|iPhone
		{D53E7B32-CCEF-4A31-9BDA-D265D0369C7B}.Ad-Hoc|ARM.Deploy.0 = Ad-Hoc|iPhone
		{D53E7B32-CCEF-4A31-9BDA-D265D0369C7B}.Ad-Hoc|iPhone.ActiveCfg = Ad-Hoc|iPhone
		{D53E7B32-CCEF-4A31-9BDA-D265D0369C7B}.Ad-Hoc|iPhone.Build.0 = Ad-Hoc|iPhone
		{D53E7B32-CCEF-4A31-9BDA-D265D0369C7B}.Ad-Hoc|iPhone.Deploy.0 = Ad-Hoc|iPhone
		{D53E7B32-CCEF-4A31-9BDA-D265D0369C7B}.Ad-Hoc|iPhoneSimulator.ActiveCfg = Ad-Hoc|iPhoneSimulator
		{D53E7B32-CCEF-4A31-9BDA-D265D0369C7B}.Ad-Hoc|iPhoneSimulator.Build.0 = Ad-Hoc|iPhoneSimulator
		{D53E7B32-CCEF-4A31-9BDA-D265D0369C7B}.Ad-Hoc|iPhoneSimulator.Deploy.0 = Ad-Hoc|iPhoneSimulator
		{D53E7B32-CCEF-4A31-9BDA-D265D0369C7B}.Ad-Hoc|x64.ActiveCfg = Ad-Hoc|iPhone
		{D53E7B32-CCEF-4A31-9BDA-D265D0369C7B}.Ad-Hoc|x64.Build.0 = Ad-Hoc|iPhone
		{D53E7B32-CCEF-4A31-9BDA-D265D0369C7B}.Ad-Hoc|x64.Deploy.0 = Ad-Hoc|iPhone
		{D53E7B32-CCEF-4A31-9BDA-D265D0369C7B}.Ad-Hoc|x86.ActiveCfg = Ad-Hoc|iPhone
		{D53E7B32-CCEF-4A31-9BDA-D265D0369C7B}.Ad-Hoc|x86.Build.0 = Ad-Hoc|iPhone
		{D53E7B32-CCEF-4A31-9BDA-D265D0369C7B}.Ad-Hoc|x86.Deploy.0 = Ad-Hoc|iPhone
		{D53E7B32-CCEF-4A31-9BDA-D265D0369C7B}.AppStore|Any CPU.ActiveCfg = AppStore|iPhone
		{D53E7B32-CCEF-4A31-9BDA-D265D0369C7B}.AppStore|Any CPU.Build.0 = AppStore|iPhone
		{D53E7B32-CCEF-4A31-9BDA-D265D0369C7B}.AppStore|Any CPU.Deploy.0 = AppStore|iPhone
		{D53E7B32-CCEF-4A31-9BDA-D265D0369C7B}.AppStore|ARM.ActiveCfg = AppStore|iPhone
		{D53E7B32-CCEF-4A31-9BDA-D265D0369C7B}.AppStore|ARM.Build.0 = AppStore|iPhone
		{D53E7B32-CCEF-4A31-9BDA-D265D0369C7B}.AppStore|ARM.Deploy.0 = AppStore|iPhone
		{D53E7B32-CCEF-4A31-9BDA-D265D0369C7B}.AppStore|iPhone.ActiveCfg = AppStore|iPhone
		{D53E7B32-CCEF-4A31-9BDA-D265D0369C7B}.AppStore|iPhone.Build.0 = AppStore|iPhone
		{D53E7B32-CCEF-4A31-9BDA-D265D0369C7B}.AppStore|iPhone.Deploy.0 = AppStore|iPhone
		{D53E7B32-CCEF-4A31-9BDA-D265D0369C7B}.AppStore|iPhoneSimulator.ActiveCfg = AppStore|iPhoneSimulator
		{D53E7B32-CCEF-4A31-9BDA-D265D0369C7B}.AppStore|iPhoneSimulator.Build.0 = AppStore|iPhoneSimulator
		{D53E7B32-CCEF-4A31-9BDA-D265D0369C7B}.AppStore|iPhoneSimulator.Deploy.0 = AppStore|iPhoneSimulator
		{D53E7B32-CCEF-4A31-9BDA-D265D0369C7B}.AppStore|x64.ActiveCfg = AppStore|iPhone
		{D53E7B32-CCEF-4A31-9BDA-D265D0369C7B}.AppStore|x64.Build.0 = AppStore|iPhone
		{D53E7B32-CCEF-4A31-9BDA-D265D0369C7B}.AppStore|x64.Deploy.0 = AppStore|iPhone
		{D53E7B32-CCEF-4A31-9BDA-D265D0369C7B}.AppStore|x86.ActiveCfg = AppStore|iPhone
		{D53E7B32-CCEF-4A31-9BDA-D265D0369C7B}.AppStore|x86.Build.0 = AppStore|iPhone
		{D53E7B32-CCEF-4A31-9BDA-D265D0369C7B}.AppStore|x86.Deploy.0 = AppStore|iPhone
		{D53E7B32-CCEF-4A31-9BDA-D265D0369C7B}.Debug|Any CPU.ActiveCfg = Debug|iPhoneSimulator
		{D53E7B32-CCEF-4A31-9BDA-D265D0369C7B}.Debug|Any CPU.Build.0 = Debug|iPhoneSimulator
		{D53E7B32-CCEF-4A31-9BDA-D265D0369C7B}.Debug|Any CPU.Deploy.0 = Debug|iPhoneSimulator
		{D53E7B32-CCEF-4A31-9BDA-D265D0369C7B}.Debug|ARM.ActiveCfg = Debug|iPhone
		{D53E7B32-CCEF-4A31-9BDA-D265D0369C7B}.Debug|ARM.Build.0 = Debug|iPhone
		{D53E7B32-CCEF-4A31-9BDA-D265D0369C7B}.Debug|ARM.Deploy.0 = Debug|iPhone
		{D53E7B32-CCEF-4A31-9BDA-D265D0369C7B}.Debug|iPhone.ActiveCfg = Debug|iPhone
		{D53E7B32-CCEF-4A31-9BDA-D265D0369C7B}.Debug|iPhone.Build.0 = Debug|iPhone
		{D53E7B32-CCEF-4A31-9BDA-D265D0369C7B}.Debug|iPhone.Deploy.0 = Debug|iPhone
		{D53E7B32-CCEF-4A31-9BDA-D265D0369C7B}.Debug|iPhoneSimulator.ActiveCfg = Debug|iPhoneSimulator
		{D53E7B32-CCEF-4A31-9BDA-D265D0369C7B}.Debug|iPhoneSimulator.Build.0 = Debug|iPhoneSimulator
		{D53E7B32-CCEF-4A31-9BDA-D265D0369C7B}.Debug|iPhoneSimulator.Deploy.0 = Debug|iPhoneSimulator
		{D53E7B32-CCEF-4A31-9BDA-D265D0369C7B}.Debug|x64.ActiveCfg = Debug|iPhone
		{D53E7B32-CCEF-4A31-9BDA-D265D0369C7B}.Debug|x64.Build.0 = Debug|iPhone
		{D53E7B32-CCEF-4A31-9BDA-D265D0369C7B}.Debug|x64.Deploy.0 = Debug|iPhone
		{D53E7B32-CCEF-4A31-9BDA-D265D0369C7B}.Debug|x86.ActiveCfg = Debug|iPhone
		{D53E7B32-CCEF-4A31-9BDA-D265D0369C7B}.Debug|x86.Build.0 = Debug|iPhone
		{D53E7B32-CCEF-4A31-9BDA-D265D0369C7B}.Debug|x86.Deploy.0 = Debug|iPhone
		{D53E7B32-CCEF-4A31-9BDA-D265D0369C7B}.Release|Any CPU.ActiveCfg = Release|iPhone
		{D53E7B32-CCEF-4A31-9BDA-D265D0369C7B}.Release|Any CPU.Build.0 = Release|iPhone
		{D53E7B32-CCEF-4A31-9BDA-D265D0369C7B}.Release|Any CPU.Deploy.0 = Release|iPhone
		{D53E7B32-CCEF-4A31-9BDA-D265D0369C7B}.Release|ARM.ActiveCfg = Release|iPhone
		{D53E7B32-CCEF-4A31-9BDA-D265D0369C7B}.Release|ARM.Build.0 = Release|iPhone
		{D53E7B32-CCEF-4A31-9BDA-D265D0369C7B}.Release|ARM.Deploy.0 = Release|iPhone
		{D53E7B32-CCEF-4A31-9BDA-D265D0369C7B}.Release|iPhone.ActiveCfg = Release|iPhone
		{D53E7B32-CCEF-4A31-9BDA-D265D0369C7B}.Release|iPhone.Build.0 = Release|iPhone
		{D53E7B32-CCEF-4A31-9BDA-D265D0369C7B}.Release|iPhone.Deploy.0 = Release|iPhone
		{D53E7B32-CCEF-4A31-9BDA-D265D0369C7B}.Release|iPhoneSimulator.ActiveCfg = Release|iPhoneSimulator
		{D53E7B32-CCEF-4A31-9BDA-D265D0369C7B}.Release|iPhoneSimulator.Build.0 = Release|iPhoneSimulator
		{D53E7B32-CCEF-4A31-9BDA-D265D0369C7B}.Release|iPhoneSimulator.Deploy.0 = Release|iPhoneSimulator
		{D53E7B32-CCEF-4A31-9BDA-D265D0369C7B}.Release|x64.ActiveCfg = Release|iPhone
		{D53E7B32-CCEF-4A31-9BDA-D265D0369C7B}.Release|x64.Build.0 = Release|iPhone
		{D53E7B32-CCEF-4A31-9BDA-D265D0369C7B}.Release|x64.Deploy.0 = Release|iPhone
		{D53E7B32-CCEF-4A31-9BDA-D265D0369C7B}.Release|x86.ActiveCfg = Release|iPhone
		{D53E7B32-CCEF-4A31-9BDA-D265D0369C7B}.Release|x86.Build.0 = Release|iPhone
		{D53E7B32-CCEF-4A31-9BDA-D265D0369C7B}.Release|x86.Deploy.0 = Release|iPhone
		{EE6790F4-630C-4825-8DFA-2B27FCB55F09}.Ad-Hoc|Any CPU.ActiveCfg = Release|x86
		{EE6790F4-630C-4825-8DFA-2B27FCB55F09}.Ad-Hoc|Any CPU.Build.0 = Release|x86
		{EE6790F4-630C-4825-8DFA-2B27FCB55F09}.Ad-Hoc|Any CPU.Deploy.0 = Release|x86
		{EE6790F4-630C-4825-8DFA-2B27FCB55F09}.Ad-Hoc|ARM.ActiveCfg = Release|ARM
		{EE6790F4-630C-4825-8DFA-2B27FCB55F09}.Ad-Hoc|ARM.Build.0 = Release|ARM
		{EE6790F4-630C-4825-8DFA-2B27FCB55F09}.Ad-Hoc|ARM.Deploy.0 = Release|ARM
		{EE6790F4-630C-4825-8DFA-2B27FCB55F09}.Ad-Hoc|iPhone.ActiveCfg = Release|x86
		{EE6790F4-630C-4825-8DFA-2B27FCB55F09}.Ad-Hoc|iPhone.Build.0 = Release|x86
		{EE6790F4-630C-4825-8DFA-2B27FCB55F09}.Ad-Hoc|iPhone.Deploy.0 = Release|x86
		{EE6790F4-630C-4825-8DFA-2B27FCB55F09}.Ad-Hoc|iPhoneSimulator.ActiveCfg = Release|x86
		{EE6790F4-630C-4825-8DFA-2B27FCB55F09}.Ad-Hoc|iPhoneSimulator.Build.0 = Release|x86
		{EE6790F4-630C-4825-8DFA-2B27FCB55F09}.Ad-Hoc|iPhoneSimulator.Deploy.0 = Release|x86
		{EE6790F4-630C-4825-8DFA-2B27FCB55F09}.Ad-Hoc|x64.ActiveCfg = Release|x64
		{EE6790F4-630C-4825-8DFA-2B27FCB55F09}.Ad-Hoc|x64.Build.0 = Release|x64
		{EE6790F4-630C-4825-8DFA-2B27FCB55F09}.Ad-Hoc|x64.Deploy.0 = Release|x64
		{EE6790F4-630C-4825-8DFA-2B27FCB55F09}.Ad-Hoc|x86.ActiveCfg = Release|x86
		{EE6790F4-630C-4825-8DFA-2B27FCB55F09}.Ad-Hoc|x86.Build.0 = Release|x86
		{EE6790F4-630C-4825-8DFA-2B27FCB55F09}.Ad-Hoc|x86.Deploy.0 = Release|x86
		{EE6790F4-630C-4825-8DFA-2B27FCB55F09}.AppStore|Any CPU.ActiveCfg = Release|x86
		{EE6790F4-630C-4825-8DFA-2B27FCB55F09}.AppStore|Any CPU.Build.0 = Release|x86
		{EE6790F4-630C-4825-8DFA-2B27FCB55F09}.AppStore|Any CPU.Deploy.0 = Release|x86
		{EE6790F4-630C-4825-8DFA-2B27FCB55F09}.AppStore|ARM.ActiveCfg = Release|ARM
		{EE6790F4-630C-4825-8DFA-2B27FCB55F09}.AppStore|ARM.Build.0 = Release|ARM
		{EE6790F4-630C-4825-8DFA-2B27FCB55F09}.AppStore|ARM.Deploy.0 = Release|ARM
		{EE6790F4-630C-4825-8DFA-2B27FCB55F09}.AppStore|iPhone.ActiveCfg = Release|x86
		{EE6790F4-630C-4825-8DFA-2B27FCB55F09}.AppStore|iPhone.Build.0 = Release|x86
		{EE6790F4-630C-4825-8DFA-2B27FCB55F09}.AppStore|iPhone.Deploy.0 = Release|x86
		{EE6790F4-630C-4825-8DFA-2B27FCB55F09}.AppStore|iPhoneSimulator.ActiveCfg = Release|x86
		{EE6790F4-630C-4825-8DFA-2B27FCB55F09}.AppStore|iPhoneSimulator.Build.0 = Release|x86
		{EE6790F4-630C-4825-8DFA-2B27FCB55F09}.AppStore|iPhoneSimulator.Deploy.0 = Release|x86
		{EE6790F4-630C-4825-8DFA-2B27FCB55F09}.AppStore|x64.ActiveCfg = Release|x64
		{EE6790F4-630C-4825-8DFA-2B27FCB55F09}.AppStore|x64.Build.0 = Release|x64
		{EE6790F4-630C-4825-8DFA-2B27FCB55F09}.AppStore|x64.Deploy.0 = Release|x64
		{EE6790F4-630C-4825-8DFA-2B27FCB55F09}.AppStore|x86.ActiveCfg = Release|x86
		{EE6790F4-630C-4825-8DFA-2B27FCB55F09}.AppStore|x86.Build.0 = Release|x86
		{EE6790F4-630C-4825-8DFA-2B27FCB55F09}.AppStore|x86.Deploy.0 = Release|x86
		{EE6790F4-630C-4825-8DFA-2B27FCB55F09}.Debug|Any CPU.ActiveCfg = Debug|x86
		{EE6790F4-630C-4825-8DFA-2B27FCB55F09}.Debug|Any CPU.Build.0 = Debug|x86
		{EE6790F4-630C-4825-8DFA-2B27FCB55F09}.Debug|Any CPU.Deploy.0 = Debug|x86
		{EE6790F4-630C-4825-8DFA-2B27FCB55F09}.Debug|ARM.ActiveCfg = Debug|ARM
		{EE6790F4-630C-4825-8DFA-2B27FCB55F09}.Debug|ARM.Build.0 = Debug|ARM
		{EE6790F4-630C-4825-8DFA-2B27FCB55F09}.Debug|ARM.Deploy.0 = Debug|ARM
		{EE6790F4-630C-4825-8DFA-2B27FCB55F09}.Debug|iPhone.ActiveCfg = Debug|x86
		{EE6790F4-630C-4825-8DFA-2B27FCB55F09}.Debug|iPhone.Build.0 = Debug|x86
		{EE6790F4-630C-4825-8DFA-2B27FCB55F09}.Debug|iPhone.Deploy.0 = Debug|x86
		{EE6790F4-630C-4825-8DFA-2B27FCB55F09}.Debug|iPhoneSimulator.ActiveCfg = Debug|x86
		{EE6790F4-630C-4825-8DFA-2B27FCB55F09}.Debug|iPhoneSimulator.Build.0 = Debug|x86
		{EE6790F4-630C-4825-8DFA-2B27FCB55F09}.Debug|iPhoneSimulator.Deploy.0 = Debug|x86
		{EE6790F4-630C-4825-8DFA-2B27FCB55F09}.Debug|x64.ActiveCfg = Debug|x64
		{EE6790F4-630C-4825-8DFA-2B27FCB55F09}.Debug|x64.Build.0 = Debug|x64
		{EE6790F4-630C-4825-8DFA-2B27FCB55F09}.Debug|x64.Deploy.0 = Debug|x64
		{EE6790F4-630C-4825-8DFA-2B27FCB55F09}.Debug|x86.ActiveCfg = Debug|x86
		{EE6790F4-630C-4825-8DFA-2B27FCB55F09}.Debug|x86.Build.0 = Debug|x86
		{EE6790F4-630C-4825-8DFA-2B27FCB55F09}.Debug|x86.Deploy.0 = Debug|x86
		{EE6790F4-630C-4825-8DFA-2B27FCB55F09}.Release|Any CPU.ActiveCfg = Release|x86
		{EE6790F4-630C-4825-8DFA-2B27FCB55F09}.Release|Any CPU.Build.0 = Release|x86
		{EE6790F4-630C-4825-8DFA-2B27FCB55F09}.Release|Any CPU.Deploy.0 = Release|x86
		{EE6790F4-630C-4825-8DFA-2B27FCB55F09}.Release|ARM.ActiveCfg = Release|ARM
		{EE6790F4-630C-4825-8DFA-2B27FCB55F09}.Release|ARM.Build.0 = Release|ARM
		{EE6790F4-630C-4825-8DFA-2B27FCB55F09}.Release|ARM.Deploy.0 = Release|ARM
		{EE6790F4-630C-4825-8DFA-2B27FCB55F09}.Release|iPhone.ActiveCfg = Release|x86
		{EE6790F4-630C-4825-8DFA-2B27FCB55F09}.Release|iPhone.Build.0 = Release|x86
		{EE6790F4-630C-4825-8DFA-2B27FCB55F09}.Release|iPhone.Deploy.0 = Release|x86
		{EE6790F4-630C-4825-8DFA-2B27FCB55F09}.Release|iPhoneSimulator.ActiveCfg = Release|x86
		{EE6790F4-630C-4825-8DFA-2B27FCB55F09}.Release|iPhoneSimulator.Build.0 = Release|x86
		{EE6790F4-630C-4825-8DFA-2B27FCB55F09}.Release|iPhoneSimulator.Deploy.0 = Release|x86
		{EE6790F4-630C-4825-8DFA-2B27FCB55F09}.Release|x64.ActiveCfg = Release|x64
		{EE6790F4-630C-4825-8DFA-2B27FCB55F09}.Release|x64.Build.0 = Release|x64
		{EE6790F4-630C-4825-8DFA-2B27FCB55F09}.Release|x64.Deploy.0 = Release|x64
		{EE6790F4-630C-4825-8DFA-2B27FCB55F09}.Release|x86.ActiveCfg = Release|x86
		{EE6790F4-630C-4825-8DFA-2B27FCB55F09}.Release|x86.Build.0 = Release|x86
		{EE6790F4-630C-4825-8DFA-2B27FCB55F09}.Release|x86.Deploy.0 = Release|x86
		{F67376BD-A593-4A30-B0F2-6957BC42A477}.Ad-Hoc|Any CPU.ActiveCfg = Debug|Any CPU
		{F67376BD-A593-4A30-B0F2-6957BC42A477}.Ad-Hoc|Any CPU.Build.0 = Debug|Any CPU
		{F67376BD-A593-4A30-B0F2-6957BC42A477}.Ad-Hoc|Any CPU.Deploy.0 = Debug|Any CPU
		{F67376BD-A593-4A30-B0F2-6957BC42A477}.Ad-Hoc|ARM.ActiveCfg = Debug|Any CPU
		{F67376BD-A593-4A30-B0F2-6957BC42A477}.Ad-Hoc|ARM.Build.0 = Debug|Any CPU
		{F67376BD-A593-4A30-B0F2-6957BC42A477}.Ad-Hoc|ARM.Deploy.0 = Debug|Any CPU
		{F67376BD-A593-4A30-B0F2-6957BC42A477}.Ad-Hoc|iPhone.ActiveCfg = Debug|Any CPU
		{F67376BD-A593-4A30-B0F2-6957BC42A477}.Ad-Hoc|iPhone.Build.0 = Debug|Any CPU
		{F67376BD-A593-4A30-B0F2-6957BC42A477}.Ad-Hoc|iPhone.Deploy.0 = Debug|Any CPU
		{F67376BD-A593-4A30-B0F2-6957BC42A477}.Ad-Hoc|iPhoneSimulator.ActiveCfg = Debug|Any CPU
		{F67376BD-A593-4A30-B0F2-6957BC42A477}.Ad-Hoc|iPhoneSimulator.Build.0 = Debug|Any CPU
		{F67376BD-A593-4A30-B0F2-6957BC42A477}.Ad-Hoc|iPhoneSimulator.Deploy.0 = Debug|Any CPU
		{F67376BD-A593-4A30-B0F2-6957BC42A477}.Ad-Hoc|x64.ActiveCfg = Debug|Any CPU
		{F67376BD-A593-4A30-B0F2-6957BC42A477}.Ad-Hoc|x64.Build.0 = Debug|Any CPU
		{F67376BD-A593-4A30-B0F2-6957BC42A477}.Ad-Hoc|x64.Deploy.0 = Debug|Any CPU
		{F67376BD-A593-4A30-B0F2-6957BC42A477}.Ad-Hoc|x86.ActiveCfg = Debug|Any CPU
		{F67376BD-A593-4A30-B0F2-6957BC42A477}.Ad-Hoc|x86.Build.0 = Debug|Any CPU
		{F67376BD-A593-4A30-B0F2-6957BC42A477}.Ad-Hoc|x86.Deploy.0 = Debug|Any CPU
		{F67376BD-A593-4A30-B0F2-6957BC42A477}.AppStore|Any CPU.ActiveCfg = Debug|Any CPU
		{F67376BD-A593-4A30-B0F2-6957BC42A477}.AppStore|Any CPU.Build.0 = Debug|Any CPU
		{F67376BD-A593-4A30-B0F2-6957BC42A477}.AppStore|Any CPU.Deploy.0 = Debug|Any CPU
		{F67376BD-A593-4A30-B0F2-6957BC42A477}.AppStore|ARM.ActiveCfg = Debug|Any CPU
		{F67376BD-A593-4A30-B0F2-6957BC42A477}.AppStore|ARM.Build.0 = Debug|Any CPU
		{F67376BD-A593-4A30-B0F2-6957BC42A477}.AppStore|ARM.Deploy.0 = Debug|Any CPU
		{F67376BD-A593-4A30-B0F2-6957BC42A477}.AppStore|iPhone.ActiveCfg = Debug|Any CPU
		{F67376BD-A593-4A30-B0F2-6957BC42A477}.AppStore|iPhone.Build.0 = Debug|Any CPU
		{F67376BD-A593-4A30-B0F2-6957BC42A477}.AppStore|iPhone.Deploy.0 = Debug|Any CPU
		{F67376BD-A593-4A30-B0F2-6957BC42A477}.AppStore|iPhoneSimulator.ActiveCfg = Debug|Any CPU
		{F67376BD-A593-4A30-B0F2-6957BC42A477}.AppStore|iPhoneSimulator.Build.0 = Debug|Any CPU
		{F67376BD-A593-4A30-B0F2-6957BC42A477}.AppStore|iPhoneSimulator.Deploy.0 = Debug|Any CPU
		{F67376BD-A593-4A30-B0F2-6957BC42A477}.AppStore|x64.ActiveCfg = Debug|Any CPU
		{F67376BD-A593-4A30-B0F2-6957BC42A477}.AppStore|x64.Build.0 = Debug|Any CPU
		{F67376BD-A593-4A30-B0F2-6957BC42A477}.AppStore|x64.Deploy.0 = Debug|Any CPU
		{F67376BD-A593-4A30-B0F2-6957BC42A477}.AppStore|x86.ActiveCfg = Debug|Any CPU
		{F67376BD-A593-4A30-B0F2-6957BC42A477}.AppStore|x86.Build.0 = Debug|Any CPU
		{F67376BD-A593-4A30-B0F2-6957BC42A477}.AppStore|x86.Deploy.0 = Debug|Any CPU
		{F67376BD-A593-4A30-B0F2-6957BC42A477}.Debug|Any CPU.ActiveCfg = Debug|Any CPU
		{F67376BD-A593-4A30-B0F2-6957BC42A477}.Debug|Any CPU.Build.0 = Debug|Any CPU
		{F67376BD-A593-4A30-B0F2-6957BC42A477}.Debug|Any CPU.Deploy.0 = Debug|Any CPU
		{F67376BD-A593-4A30-B0F2-6957BC42A477}.Debug|ARM.ActiveCfg = Debug|Any CPU
		{F67376BD-A593-4A30-B0F2-6957BC42A477}.Debug|ARM.Build.0 = Debug|Any CPU
		{F67376BD-A593-4A30-B0F2-6957BC42A477}.Debug|ARM.Deploy.0 = Debug|Any CPU
		{F67376BD-A593-4A30-B0F2-6957BC42A477}.Debug|iPhone.ActiveCfg = Debug|Any CPU
		{F67376BD-A593-4A30-B0F2-6957BC42A477}.Debug|iPhone.Build.0 = Debug|Any CPU
		{F67376BD-A593-4A30-B0F2-6957BC42A477}.Debug|iPhone.Deploy.0 = Debug|Any CPU
		{F67376BD-A593-4A30-B0F2-6957BC42A477}.Debug|iPhoneSimulator.ActiveCfg = Debug|Any CPU
		{F67376BD-A593-4A30-B0F2-6957BC42A477}.Debug|iPhoneSimulator.Build.0 = Debug|Any CPU
		{F67376BD-A593-4A30-B0F2-6957BC42A477}.Debug|iPhoneSimulator.Deploy.0 = Debug|Any CPU
		{F67376BD-A593-4A30-B0F2-6957BC42A477}.Debug|x64.ActiveCfg = Debug|Any CPU
		{F67376BD-A593-4A30-B0F2-6957BC42A477}.Debug|x64.Build.0 = Debug|Any CPU
		{F67376BD-A593-4A30-B0F2-6957BC42A477}.Debug|x64.Deploy.0 = Debug|Any CPU
		{F67376BD-A593-4A30-B0F2-6957BC42A477}.Debug|x86.ActiveCfg = Debug|Any CPU
		{F67376BD-A593-4A30-B0F2-6957BC42A477}.Debug|x86.Build.0 = Debug|Any CPU
		{F67376BD-A593-4A30-B0F2-6957BC42A477}.Debug|x86.Deploy.0 = Debug|Any CPU
		{F67376BD-A593-4A30-B0F2-6957BC42A477}.Release|Any CPU.ActiveCfg = Release|Any CPU
		{F67376BD-A593-4A30-B0F2-6957BC42A477}.Release|Any CPU.Build.0 = Release|Any CPU
		{F67376BD-A593-4A30-B0F2-6957BC42A477}.Release|Any CPU.Deploy.0 = Release|Any CPU
		{F67376BD-A593-4A30-B0F2-6957BC42A477}.Release|ARM.ActiveCfg = Release|Any CPU
		{F67376BD-A593-4A30-B0F2-6957BC42A477}.Release|ARM.Build.0 = Release|Any CPU
		{F67376BD-A593-4A30-B0F2-6957BC42A477}.Release|ARM.Deploy.0 = Release|Any CPU
		{F67376BD-A593-4A30-B0F2-6957BC42A477}.Release|iPhone.ActiveCfg = Release|Any CPU
		{F67376BD-A593-4A30-B0F2-6957BC42A477}.Release|iPhone.Build.0 = Release|Any CPU
		{F67376BD-A593-4A30-B0F2-6957BC42A477}.Release|iPhone.Deploy.0 = Release|Any CPU
		{F67376BD-A593-4A30-B0F2-6957BC42A477}.Release|iPhoneSimulator.ActiveCfg = Release|Any CPU
		{F67376BD-A593-4A30-B0F2-6957BC42A477}.Release|iPhoneSimulator.Build.0 = Release|Any CPU
		{F67376BD-A593-4A30-B0F2-6957BC42A477}.Release|iPhoneSimulator.Deploy.0 = Release|Any CPU
		{F67376BD-A593-4A30-B0F2-6957BC42A477}.Release|x64.ActiveCfg = Release|Any CPU
		{F67376BD-A593-4A30-B0F2-6957BC42A477}.Release|x64.Build.0 = Release|Any CPU
		{F67376BD-A593-4A30-B0F2-6957BC42A477}.Release|x64.Deploy.0 = Release|Any CPU
		{F67376BD-A593-4A30-B0F2-6957BC42A477}.Release|x86.ActiveCfg = Release|Any CPU
		{F67376BD-A593-4A30-B0F2-6957BC42A477}.Release|x86.Build.0 = Release|Any CPU
		{F67376BD-A593-4A30-B0F2-6957BC42A477}.Release|x86.Deploy.0 = Release|Any CPU
	EndGlobalSection
	GlobalSection(SolutionProperties) = preSolution
		HideSolutionNode = FALSE
	EndGlobalSection
	GlobalSection(ExtensibilityGlobals) = postSolution
		SolutionGuid = {6842421D-8C3A-40F2-B9CD-68537224181C}
	EndGlobalSection
EndGlobal
